<?xml version="1.0" encoding="utf-8"?>
<Project ToolsVersion="4.0" xmlns="http://schemas.microsoft.com/developer/msbuild/2003">
  <ItemGroup>
    <Filter Include="inc">
      <UniqueIdentifier>{aeb82ad0-08c1-4e68-aa03-f154e27e4f20}</UniqueIdentifier>
    </Filter>
    <Filter Include="src">
      <UniqueIdentifier>{3a2d602c-df67-44ec-98f8-2e37fc359b79}</UniqueIdentifier>
    </Filter>
  </ItemGroup>
  <ItemGroup>
    <ClInclude Include="inc\cmd_arg_reader.h">
      <Filter>inc</Filter>
    </ClInclude>
    <ClInclude Include="inc\shrQATest.h">
      <Filter>inc</Filter>
    </ClInclude>
    <ClInclude Include="inc\shrUtils.h">
      <Filter>inc</Filter>
    </ClInclude>
  </ItemGroup>
  <ItemGroup>
    <ClCompile Include="src\cmd_arg_reader.cpp">
      <Filter>src</Filter>
    </ClCompile>
    <ClCompile Include="src\shrUtils.cpp">
      <Filter>src</Filter>
    </ClCompile>
  </ItemGroup>
</Project>